{
  "requires": true,
  "lockfileVersion": 1,
  "dependencies": {
    "@oracle/oraclejet-templates": {
      "version": "7.0.1",
      "resolved": "https://registry.npmjs.org/@oracle/oraclejet-templates/-/oraclejet-templates-7.0.1.tgz",
      "integrity": "sha512-YYQfuY0I6K1e493XraxQNUUVMPGLUINTWm500BUa/Do1z1azccco7Cl/krBnnJn5CYLU9pLw4wB5TounjM0hsw=="
    }
  }
}
